
Microsoft Visual Studio Solution File, Format Version 12.00
# Visual Studio Version 17
VisualStudioVersion = 17.0.31903.59
MinimumVisualStudioVersion = 10.0.40219.1
Project("{FAE04EC0-301F-11D3-BF4B-00C04F79EFBC}") = "Map", "Map\Map.csproj", "{F00671EB-2E17-4910-B7CD-3C8BD172FA00}"
EndProject
Project("{FAE04EC0-301F-11D3-BF4B-00C04F79EFBC}") = "Reduce", "Reduce\Reduce.csproj", "{1361DA09-0D26-4109-89DD-97C594A72693}"
EndProject
Project("{FAE04EC0-301F-11D3-BF4B-00C04F79EFBC}") = "BenchMarks", "BenchMarks\BenchMarks.csproj", "{C9BF5821-5696-41D5-BEAB-0FAE2A7AB6F9}"
EndProject
Global
	GlobalSection(SolutionConfigurationPlatforms) = preSolution
		Debug|Any CPU = Debug|Any CPU
		Debug|x64 = Debug|x64
		Debug|x86 = Debug|x86
		Release|Any CPU = Release|Any CPU
		Release|x64 = Release|x64
		Release|x86 = Release|x86
	EndGlobalSection
	GlobalSection(ProjectConfigurationPlatforms) = postSolution
		{F00671EB-2E17-4910-B7CD-3C8BD172FA00}.Debug|Any CPU.ActiveCfg = Debug|Any CPU
		{F00671EB-2E17-4910-B7CD-3C8BD172FA00}.Debug|Any CPU.Build.0 = Debug|Any CPU
		{F00671EB-2E17-4910-B7CD-3C8BD172FA00}.Debug|x64.ActiveCfg = Debug|Any CPU
		{F00671EB-2E17-4910-B7CD-3C8BD172FA00}.Debug|x64.Build.0 = Debug|Any CPU
		{F00671EB-2E17-4910-B7CD-3C8BD172FA00}.Debug|x86.ActiveCfg = Debug|Any CPU
		{F00671EB-2E17-4910-B7CD-3C8BD172FA00}.Debug|x86.Build.0 = Debug|Any CPU
		{F00671EB-2E17-4910-B7CD-3C8BD172FA00}.Release|Any CPU.ActiveCfg = Release|Any CPU
		{F00671EB-2E17-4910-B7CD-3C8BD172FA00}.Release|Any CPU.Build.0 = Release|Any CPU
		{F00671EB-2E17-4910-B7CD-3C8BD172FA00}.Release|x64.ActiveCfg = Release|Any CPU
		{F00671EB-2E17-4910-B7CD-3C8BD172FA00}.Release|x64.Build.0 = Release|Any CPU
		{F00671EB-2E17-4910-B7CD-3C8BD172FA00}.Release|x86.ActiveCfg = Release|Any CPU
		{F00671EB-2E17-4910-B7CD-3C8BD172FA00}.Release|x86.Build.0 = Release|Any CPU
		{1361DA09-0D26-4109-89DD-97C594A72693}.Debug|Any CPU.ActiveCfg = Debug|Any CPU
		{1361DA09-0D26-4109-89DD-97C594A72693}.Debug|Any CPU.Build.0 = Debug|Any CPU
		{1361DA09-0D26-4109-89DD-97C594A72693}.Debug|x64.ActiveCfg = Debug|Any CPU
		{1361DA09-0D26-4109-89DD-97C594A72693}.Debug|x64.Build.0 = Debug|Any CPU
		{1361DA09-0D26-4109-89DD-97C594A72693}.Debug|x86.ActiveCfg = Debug|Any CPU
		{1361DA09-0D26-4109-89DD-97C594A72693}.Debug|x86.Build.0 = Debug|Any CPU
		{1361DA09-0D26-4109-89DD-97C594A72693}.Release|Any CPU.ActiveCfg = Release|Any CPU
		{1361DA09-0D26-4109-89DD-97C594A72693}.Release|Any CPU.Build.0 = Release|Any CPU
		{1361DA09-0D26-4109-89DD-97C594A72693}.Release|x64.ActiveCfg = Release|Any CPU
		{1361DA09-0D26-4109-89DD-97C594A72693}.Release|x64.Build.0 = Release|Any CPU
		{1361DA09-0D26-4109-89DD-97C594A72693}.Release|x86.ActiveCfg = Release|Any CPU
		{1361DA09-0D26-4109-89DD-97C594A72693}.Release|x86.Build.0 = Release|Any CPU
		{C9BF5821-5696-41D5-BEAB-0FAE2A7AB6F9}.Debug|Any CPU.ActiveCfg = Debug|Any CPU
		{C9BF5821-5696-41D5-BEAB-0FAE2A7AB6F9}.Debug|Any CPU.Build.0 = Debug|Any CPU
		{C9BF5821-5696-41D5-BEAB-0FAE2A7AB6F9}.Debug|x64.ActiveCfg = Debug|Any CPU
		{C9BF5821-5696-41D5-BEAB-0FAE2A7AB6F9}.Debug|x64.Build.0 = Debug|Any CPU
		{C9BF5821-5696-41D5-BEAB-0FAE2A7AB6F9}.Debug|x86.ActiveCfg = Debug|Any CPU
		{C9BF5821-5696-41D5-BEAB-0FAE2A7AB6F9}.Debug|x86.Build.0 = Debug|Any CPU
		{C9BF5821-5696-41D5-BEAB-0FAE2A7AB6F9}.Release|Any CPU.ActiveCfg = Release|Any CPU
		{C9BF5821-5696-41D5-BEAB-0FAE2A7AB6F9}.Release|Any CPU.Build.0 = Release|Any CPU
		{C9BF5821-5696-41D5-BEAB-0FAE2A7AB6F9}.Release|x64.ActiveCfg = Release|Any CPU
		{C9BF5821-5696-41D5-BEAB-0FAE2A7AB6F9}.Release|x64.Build.0 = Release|Any CPU
		{C9BF5821-5696-41D5-BEAB-0FAE2A7AB6F9}.Release|x86.ActiveCfg = Release|Any CPU
		{C9BF5821-5696-41D5-BEAB-0FAE2A7AB6F9}.Release|x86.Build.0 = Release|Any CPU
	EndGlobalSection
	GlobalSection(SolutionProperties) = preSolution
		HideSolutionNode = FALSE
	EndGlobalSection
EndGlobal
